
Microsoft Visual Studio Solution File, Format Version 12.00
# Visual Studio Version 17
VisualStudioVersion = 17.14.36623.8 d17.14
MinimumVisualStudioVersion = 10.0.40219.1
Project("{2150E333-8FDC-42A3-9474-1A3956D46DE8}") = "src", "src", "{02EA681E-C7D8-13C7-8484-4AC65E1B71E8}"
EndProject
Project("{FAE04EC0-301F-11D3-BF4B-00C04F79EFBC}") = "SmartCommune.Api", "SmartCommune.Api\SmartCommune.Api.csproj", "{CEA9F0AB-76E0-4F97-8D36-76BE4A554C41}"
EndProject
Project("{FAE04EC0-301F-11D3-BF4B-00C04F79EFBC}") = "SmartCommune.Domain", "SmartCommune.Domain\SmartCommune.Domain.csproj", "{6C50C474-55C9-4368-84B6-53ECAE0D6C0A}"
EndProject
Project("{FAE04EC0-301F-11D3-BF4B-00C04F79EFBC}") = "SmartCommune.Application", "SmartCommune.Application\SmartCommune.Application.csproj", "{EA32DC9D-E1A9-406A-90AA-B31BB7C58768}"
EndProject
Project("{FAE04EC0-301F-11D3-BF4B-00C04F79EFBC}") = "SmartCommune.Infrastructure", "SmartCommune.Infrastructure\SmartCommune.Infrastructure.csproj", "{AE9ABE76-4458-4DDE-B945-C002943B0E98}"
EndProject
Project("{FAE04EC0-301F-11D3-BF4B-00C04F79EFBC}") = "SmartCommune.Contracts", "SmartCommune.Contracts\SmartCommune.Contracts.csproj", "{F90237D7-D75C-4960-B467-2B3AF70E04FB}"
EndProject
Global
	GlobalSection(SolutionConfigurationPlatforms) = preSolution
		Debug|Any CPU = Debug|Any CPU
		Release|Any CPU = Release|Any CPU
	EndGlobalSection
	GlobalSection(ProjectConfigurationPlatforms) = postSolution
		{CEA9F0AB-76E0-4F97-8D36-76BE4A554C41}.Debug|Any CPU.ActiveCfg = Debug|Any CPU
		{CEA9F0AB-76E0-4F97-8D36-76BE4A554C41}.Debug|Any CPU.Build.0 = Debug|Any CPU
		{CEA9F0AB-76E0-4F97-8D36-76BE4A554C41}.Release|Any CPU.ActiveCfg = Release|Any CPU
		{CEA9F0AB-76E0-4F97-8D36-76BE4A554C41}.Release|Any CPU.Build.0 = Release|Any CPU
		{6C50C474-55C9-4368-84B6-53ECAE0D6C0A}.Debug|Any CPU.ActiveCfg = Debug|Any CPU
		{6C50C474-55C9-4368-84B6-53ECAE0D6C0A}.Debug|Any CPU.Build.0 = Debug|Any CPU
		{6C50C474-55C9-4368-84B6-53ECAE0D6C0A}.Release|Any CPU.ActiveCfg = Release|Any CPU
		{6C50C474-55C9-4368-84B6-53ECAE0D6C0A}.Release|Any CPU.Build.0 = Release|Any CPU
		{EA32DC9D-E1A9-406A-90AA-B31BB7C58768}.Debug|Any CPU.ActiveCfg = Debug|Any CPU
		{EA32DC9D-E1A9-406A-90AA-B31BB7C58768}.Debug|Any CPU.Build.0 = Debug|Any CPU
		{EA32DC9D-E1A9-406A-90AA-B31BB7C58768}.Release|Any CPU.ActiveCfg = Release|Any CPU
		{EA32DC9D-E1A9-406A-90AA-B31BB7C58768}.Release|Any CPU.Build.0 = Release|Any CPU
		{AE9ABE76-4458-4DDE-B945-C002943B0E98}.Debug|Any CPU.ActiveCfg = Debug|Any CPU
		{AE9ABE76-4458-4DDE-B945-C002943B0E98}.Debug|Any CPU.Build.0 = Debug|Any CPU
		{AE9ABE76-4458-4DDE-B945-C002943B0E98}.Release|Any CPU.ActiveCfg = Release|Any CPU
		{AE9ABE76-4458-4DDE-B945-C002943B0E98}.Release|Any CPU.Build.0 = Release|Any CPU
		{F90237D7-D75C-4960-B467-2B3AF70E04FB}.Debug|Any CPU.ActiveCfg = Debug|Any CPU
		{F90237D7-D75C-4960-B467-2B3AF70E04FB}.Debug|Any CPU.Build.0 = Debug|Any CPU
		{F90237D7-D75C-4960-B467-2B3AF70E04FB}.Release|Any CPU.ActiveCfg = Release|Any CPU
		{F90237D7-D75C-4960-B467-2B3AF70E04FB}.Release|Any CPU.Build.0 = Release|Any CPU
	EndGlobalSection
	GlobalSection(SolutionProperties) = preSolution
		HideSolutionNode = FALSE
	EndGlobalSection
	GlobalSection(NestedProjects) = preSolution
		{CEA9F0AB-76E0-4F97-8D36-76BE4A554C41} = {02EA681E-C7D8-13C7-8484-4AC65E1B71E8}
		{6C50C474-55C9-4368-84B6-53ECAE0D6C0A} = {02EA681E-C7D8-13C7-8484-4AC65E1B71E8}
		{EA32DC9D-E1A9-406A-90AA-B31BB7C58768} = {02EA681E-C7D8-13C7-8484-4AC65E1B71E8}
		{AE9ABE76-4458-4DDE-B945-C002943B0E98} = {02EA681E-C7D8-13C7-8484-4AC65E1B71E8}
		{F90237D7-D75C-4960-B467-2B3AF70E04FB} = {02EA681E-C7D8-13C7-8484-4AC65E1B71E8}
	EndGlobalSection
	GlobalSection(ExtensibilityGlobals) = postSolution
		SolutionGuid = {2168DDC6-22D9-406C-9015-5C09B75DBFF1}
	EndGlobalSection
EndGlobal
